golang.org/x/exp v0.0.0-20240707233637-46b078467d37 h1:uLDX+AfeFCct3a2C7uIWBKMJIR3CJMhcgfrUAqjRK6w=
golang.org/x/exp v0.0.0-20240707233637-46b078467d37/go.mod h1:M4RDyNAINzryxdtnbRXRL/OHtkFuWGRjvuhBJpk2IlY=
xabbo.b7c.io/goearth v0.3.1 h1:J2JJaJo2lG8Ym4yXmy4oRD3gdZ5rDwrKboqxEDW06Fk=
xabbo.b7c.io/goearth v0.3.1/go.mod h1:2SdOFXPXIW/+XAFw31E4kFTFuO5bpUiqNKG0rU/NeBQ=
